// !$*UTF8*$!
{
	archiveVersion = 1;
	classes = {
	};
	objectVersion = 55;
	objects = {

/* Begin PBXBuildFile section */
		1535D265289792450003DCB1 /* AppDelegate.swift in Sources */ = {isa = PBXBuildFile; fileRef = 1535D264289792450003DCB1 /* AppDelegate.swift */; };
		1535D267289792450003DCB1 /* SceneDelegate.swift in Sources */ = {isa = PBXBuildFile; fileRef = 1535D266289792450003DCB1 /* SceneDelegate.swift */; };
		1535D269289792450003DCB1 /* ViewController.swift in Sources */ = {isa = PBXBuildFile; fileRef = 1535D268289792450003DCB1 /* ViewController.swift */; };
		1535D26C289792450003DCB1 /* Main.storyboard in Resources */ = {isa = PBXBuildFile; fileRef = 1535D26A289792450003DCB1 /* Main.storyboard */; };
		1535D26E2897924A0003DCB1 /* Assets.xcassets in Resources */ = {isa = PBXBuildFile; fileRef = 1535D26D2897924A0003DCB1 /* Assets.xcassets */; };
		1535D2712897924A0003DCB1 /* LaunchScreen.storyboard in Resources */ = {isa = PBXBuildFile; fileRef = 1535D26F2897924A0003DCB1 /* LaunchScreen.storyboard */; };
		1535D27C2897924B0003DCB1 /* VideoCaptureTests.swift in Sources */ = {isa = PBXBuildFile; fileRef = 1535D27B2897924B0003DCB1 /* VideoCaptureTests.swift */; };
		1535D2862897924B0003DCB1 /* VideoCaptureUITests.swift in Sources */ = {isa = PBXBuildFile; fileRef = 1535D2852897924B0003DCB1 /* VideoCaptureUITests.swift */; };
		1535D2882897924B0003DCB1 /* VideoCaptureUITestsLaunchTests.swift in Sources */ = {isa = PBXBuildFile; fileRef = 1535D2872897924B0003DCB1 /* VideoCaptureUITestsLaunchTests.swift */; };
/* End PBXBuildFile section */

/* Begin PBXContainerItemProxy section */
		1535D2782897924B0003DCB1 /* PBXContainerItemProxy */ = {
			isa = PBXContainerItemProxy;
			containerPortal = 1535D259289792450003DCB1 /* Project object */;
			proxyType = 1;
			remoteGlobalIDString = 1535D260289792450003DCB1;
			remoteInfo = VideoCapture;
		};
		1535D2822897924B0003DCB1 /* PBXContainerItemProxy */ = {
			isa = PBXContainerItemProxy;
			containerPortal = 1535D259289792450003DCB1 /* Project object */;
			proxyType = 1;
			remoteGlobalIDString = 1535D260289792450003DCB1;
			remoteInfo = VideoCapture;
		};
/* End PBXContainerItemProxy section */

/* Begin PBXFileReference section */
		1535D261289792450003DCB1 /* VideoCapture.app */ = {isa = PBXFileReference; explicitFileType = wrapper.application; includeInIndex = 0; path = VideoCapture.app; sourceTree = BUILT_PRODUCTS_DIR; };
		1535D264289792450003DCB1 /* AppDelegate.swift */ = {isa = PBXFileReference; lastKnownFileType = sourcecode.swift; path = AppDelegate.swift; sourceTree = "<group>"; };
		1535D266289792450003DCB1 /* SceneDelegate.swift */ = {isa = PBXFileReference; lastKnownFileType = sourcecode.swift; path = SceneDelegate.swift; sourceTree = "<group>"; };
		1535D268289792450003DCB1 /* ViewController.swift */ = {isa = PBXFileReference; lastKnownFileType = sourcecode.swift; path = ViewController.swift; sourceTree = "<group>"; };
		1535D26B289792450003DCB1 /* Base */ = {isa = PBXFileReference; lastKnownFileType = file.storyboard; name = Base; path = Base.lproj/Main.storyboard; sourceTree = "<group>"; };
		1535D26D2897924A0003DCB1 /* Assets.xcassets */ = {isa = PBXFileReference; lastKnownFileType = folder.assetcatalog; path = Assets.xcassets; sourceTree = "<group>"; };
		1535D2702897924A0003DCB1 /* Base */ = {isa = PBXFileReference; lastKnownFileType = file.storyboard; name = Base; path = Base.lproj/LaunchScreen.storyboard; sourceTree = "<group>"; };
		1535D2722897924A0003DCB1 /* Info.plist */ = {isa = PBXFileReference; lastKnownFileType = text.plist.xml; path = Info.plist; sourceTree = "<group>"; };
		1535D2772897924B0003DCB1 /* VideoCaptureTests.xctest */ = {isa = PBXFileReference; explicitFileType = wrapper.cfbundle; includeInIndex = 0; path = VideoCaptureTests.xctest; sourceTree = BUILT_PRODUCTS_DIR; };
		1535D27B2897924B0003DCB1 /* VideoCaptureTests.swift */ = {isa = PBXFileReference; lastKnownFileType = sourcecode.swift; path = VideoCaptureTests.swift; sourceTree = "<group>"; };
		1535D2812897924B0003DCB1 /* VideoCaptureUITests.xctest */ = {isa = PBXFileReference; explicitFileType = wrapper.cfbundle; includeInIndex = 0; path = VideoCaptureUITests.xctest; sourceTree = BUILT_PRODUCTS_DIR; };
		1535D2852897924B0003DCB1 /* VideoCaptureUITests.swift */ = {isa = PBXFileReference; lastKnownFileType = sourcecode.swift; path = VideoCaptureUITests.swift; sourceTree = "<group>"; };
		1535D2872897924B0003DCB1 /* VideoCaptureUITestsLaunchTests.swift */ = {isa = PBXFileReference; lastKnownFileType = sourcecode.swift; path = VideoCaptureUITestsLaunchTests.swift; sourceTree = "<group>"; };
/* End PBXFileReference section */

/* Begin PBXFrameworksBuildPhase section */
		1535D25E289792450003DCB1 /* Frameworks */ = {
			isa = PBXFrameworksBuildPhase;
			buildActionMask = 2147483647;
			files = (
			);
			runOnlyForDeploymentPostprocessing = 0;
		};
		1535D2742897924B0003DCB1 /* Frameworks */ = {
			isa = PBXFrameworksBuildPhase;
			buildActionMask = 2147483647;
			files = (
			);
			runOnlyForDeploymentPostprocessing = 0;
		};
		1535D27E2897924B0003DCB1 /* Frameworks */ = {
			isa = PBXFrameworksBuildPhase;
			buildActionMask = 2147483647;
			files = (
			);
			runOnlyForDeploymentPostprocessing = 0;
		};
/* End PBXFrameworksBuildPhase section */

/* Begin PBXGroup section */
		1535D258289792450003DCB1 = {
			isa = PBXGroup;
			children = (
				1535D263289792450003DCB1 /* VideoCapture */,
				1535D27A2897924B0003DCB1 /* VideoCaptureTests */,
				1535D2842897924B0003DCB1 /* VideoCaptureUITests */,
				1535D262289792450003DCB1 /* Products */,
			);
			sourceTree = "<group>";
		};
		1535D262289792450003DCB1 /* Products */ = {
			isa = PBXGroup;
			children = (
				1535D261289792450003DCB1 /* VideoCapture.app */,
				1535D2772897924B0003DCB1 /* VideoCaptureTests.xctest */,
				1535D2812897924B0003DCB1 /* VideoCaptureUITests.xctest */,
			);
			name = Products;
			sourceTree = "<group>";
		};
		1535D263289792450003DCB1 /* VideoCapture */ = {
			isa = PBXGroup;
			children = (
				1535D264289792450003DCB1 /* AppDelegate.swift */,
				1535D266289792450003DCB1 /* SceneDelegate.swift */,
				1535D268289792450003DCB1 /* ViewController.swift */,
				1535D26A289792450003DCB1 /* Main.storyboard */,
				1535D26D2897924A0003DCB1 /* Assets.xcassets */,
				1535D26F2897924A0003DCB1 /* LaunchScreen.storyboard */,
				1535D2722897924A0003DCB1 /* Info.plist */,
			);
			path = VideoCapture;
			sourceTree = "<group>";
		};
		1535D27A2897924B0003DCB1 /* VideoCaptureTests */ = {
			isa = PBXGroup;
			children = (
				1535D27B2897924B0003DCB1 /* VideoCaptureTests.swift */,
			);
			path = VideoCaptureTests;
			sourceTree = "<group>";
		};
		1535D2842897924B0003DCB1 /* VideoCaptureUITests */ = {
			isa = PBXGroup;
			children = (
				1535D2852897924B0003DCB1 /* VideoCaptureUITests.swift */,
				1535D2872897924B0003DCB1 /* VideoCaptureUITestsLaunchTests.swift */,
			);
			path = VideoCaptureUITests;
			sourceTree = "<group>";
		};
/* End PBXGroup section */

/* Begin PBXNativeTarget section */
		1535D260289792450003DCB1 /* VideoCapture */ = {
			isa = PBXNativeTarget;
			buildConfigurationList = 1535D28B2897924B0003DCB1 /* Build configuration list for PBXNativeTarget "VideoCapture" */;
			buildPhases = (
				1535D25D289792450003DCB1 /* Sources */,
				1535D25E289792450003DCB1 /* Frameworks */,
				1535D25F289792450003DCB1 /* Resources */,
			);
			buildRules = (
			);
			dependencies = (
			);
			name = VideoCapture;
			productName = VideoCapture;
			productReference = 1535D261289792450003DCB1 /* VideoCapture.app */;
			productType = "com.apple.product-type.application";
		};
		1535D2762897924B0003DCB1 /* VideoCaptureTests */ = {
			isa = PBXNativeTarget;
			buildConfigurationList = 1535D28E2897924B0003DCB1 /* Build configuration list for PBXNativeTarget "VideoCaptureTests" */;
			buildPhases = (
				1535D2732897924B0003DCB1 /* Sources */,
				1535D2742897924B0003DCB1 /* Frameworks */,
				1535D2752897924B0003DCB1 /* Resources */,
			);
			buildRules = (
			);
			dependencies = (
				1535D2792897924B0003DCB1 /* PBXTargetDependency */,
			);
			name = VideoCaptureTests;
			productName = VideoCaptureTests;
			productReference = 1535D2772897924B0003DCB1 /* VideoCaptureTests.xctest */;
			productType = "com.apple.product-type.bundle.unit-test";
		};
		1535D2802897924B0003DCB1 /* VideoCaptureUITests */ = {
			isa = PBXNativeTarget;
			buildConfigurationList = 1535D2912897924B0003DCB1 /* Build configuration list for PBXNativeTarget "VideoCaptureUITests" */;
			buildPhases = (
				1535D27D2897924B0003DCB1 /* Sources */,
				1535D27E2897924B0003DCB1 /* Frameworks */,
				1535D27F2897924B0003DCB1 /* Resources */,
			);
			buildRules = (
			);
			dependencies = (
				1535D2832897924B0003DCB1 /* PBXTargetDependency */,
			);
			name = VideoCaptureUITests;
			productName = VideoCaptureUITests;
			productReference = 1535D2812897924B0003DCB1 /* VideoCaptureUITests.xctest */;
			productType = "com.apple.product-type.bundle.ui-testing";
		};
/* End PBXNativeTarget section */

/* Begin PBXProject section */
		1535D259289792450003DCB1 /* Project object */ = {
			isa = PBXProject;
			attributes = {
				BuildIndependentTargetsInParallel = 1;
				LastSwiftUpdateCheck = 1320;
				LastUpgradeCheck = 1320;
				TargetAttributes = {
					1535D260289792450003DCB1 = {
						CreatedOnToolsVersion = 13.2.1;
					};
					1535D2762897924B0003DCB1 = {
						CreatedOnToolsVersion = 13.2.1;
						TestTargetID = 1535D260289792450003DCB1;
					};
					1535D2802897924B0003DCB1 = {
						CreatedOnToolsVersion = 13.2.1;
						TestTargetID = 1535D260289792450003DCB1;
					};
				};
			};
			buildConfigurationList = 1535D25C289792450003DCB1 /* Build configuration list for PBXProject "VideoCapture" */;
			compatibilityVersion = "Xcode 13.0";
			developmentRegion = en;
			hasScannedForEncodings = 0;
			knownRegions = (
				en,
				Base,
			);
			mainGroup = 1535D258289792450003DCB1;
			productRefGroup = 1535D262289792450003DCB1 /* Products */;
			projectDirPath = "";
			projectRoot = "";
			targets = (
				1535D260289792450003DCB1 /* VideoCapture */,
				1535D2762897924B0003DCB1 /* VideoCaptureTests */,
				1535D2802897924B0003DCB1 /* VideoCaptureUITests */,
			);
		};
/* End PBXProject section */

/* Begin PBXResourcesBuildPhase section */
		1535D25F289792450003DCB1 /* Resources */ = {
			isa = PBXResourcesBuildPhase;
			buildActionMask = 2147483647;
			files = (
				1535D2712897924A0003DCB1 /* LaunchScreen.storyboard in Resources */,
				1535D26E2897924A0003DCB1 /* Assets.xcassets in Resources */,
				1535D26C289792450003DCB1 /* Main.storyboard in Resources */,
			);
			runOnlyForDeploymentPostprocessing = 0;
		};
		1535D2752897924B0003DCB1 /* Resources */ = {
			isa = PBXResourcesBuildPhase;
			buildActionMask = 2147483647;
			files = (
			);
			runOnlyForDeploymentPostprocessing = 0;
		};
		1535D27F2897924B0003DCB1 /* Resources */ = {
			isa = PBXResourcesBuildPhase;
			buildActionMask = 2147483647;
			files = (
			);
			runOnlyForDeploymentPostprocessing = 0;
		};
/* End PBXResourcesBuildPhase section */

/* Begin PBXSourcesBuildPhase section */
		1535D25D289792450003DCB1 /* Sources */ = {
			isa = PBXSourcesBuildPhase;
			buildActionMask = 2147483647;
			files = (
				1535D269289792450003DCB1 /* ViewController.swift in Sources */,
				1535D265289792450003DCB1 /* AppDelegate.swift in Sources */,
				1535D267289792450003DCB1 /* SceneDelegate.swift in Sources */,
			);
			runOnlyForDeploymentPostprocessing = 0;
		};
		1535D2732897924B0003DCB1 /* Sources */ = {
			isa = PBXSourcesBuildPhase;
			buildActionMask = 2147483647;
			files = (
				1535D27C2897924B0003DCB1 /* VideoCaptureTests.swift in Sources */,
			);
			runOnlyForDeploymentPostprocessing = 0;
		};
		1535D27D2897924B0003DCB1 /* Sources */ = {
			isa = PBXSourcesBuildPhase;
			buildActionMask = 2147483647;
			files = (
				1535D2862897924B0003DCB1 /* VideoCaptureUITests.swift in Sources */,
				1535D2882897924B0003DCB1 /* VideoCaptureUITestsLaunchTests.swift in Sources */,
			);
			runOnlyForDeploymentPostprocessing = 0;
		};
/* End PBXSourcesBuildPhase section */

/* Begin PBXTargetDependency section */
		1535D2792897924B0003DCB1 /* PBXTargetDependency */ = {
			isa = PBXTargetDependency;
			target = 1535D260289792450003DCB1 /* VideoCapture */;
			targetProxy = 1535D2782897924B0003DCB1 /* PBXContainerItemProxy */;
		};
		1535D2832897924B0003DCB1 /* PBXTargetDependency */ = {
			isa = PBXTargetDependency;
			target = 1535D260289792450003DCB1 /* VideoCapture */;
			targetProxy = 1535D2822897924B0003DCB1 /* PBXContainerItemProxy */;
		};
/* End PBXTargetDependency section */

/* Begin PBXVariantGroup section */
		1535D26A289792450003DCB1 /* Main.storyboard */ = {
			isa = PBXVariantGroup;
			children = (
				1535D26B289792450003DCB1 /* Base */,
			);
			name = Main.storyboard;
			sourceTree = "<group>";
		};
		1535D26F2897924A0003DCB1 /* LaunchScreen.storyboard */ = {
			isa = PBXVariantGroup;
			children = (
				1535D2702897924A0003DCB1 /* Base */,
			);
			name = LaunchScreen.storyboard;
			sourceTree = "<group>";
		};
/* End PBXVariantGroup section */

/* Begin XCBuildConfiguration section */
		1535D2892897924B0003DCB1 /* Debug */ = {
			isa = XCBuildConfiguration;
			buildSettings = {
				ALWAYS_SEARCH_USER_PATHS = NO;
				CLANG_ANALYZER_NONNULL = YES;
				CLANG_ANALYZER_NUMBER_OBJECT_CONVERSION = YES_AGGRESSIVE;
				CLANG_CXX_LANGUAGE_STANDARD = "gnu++17";
				CLANG_CXX_LIBRARY = "libc++";
				CLANG_ENABLE_MODULES = YES;
				CLANG_ENABLE_OBJC_ARC = YES;
				CLANG_ENABLE_OBJC_WEAK = YES;
				CLANG_WARN_BLOCK_CAPTURE_AUTORELEASING = YES;
				CLANG_WARN_BOOL_CONVERSION = YES;
				CLANG_WARN_COMMA = YES;
				CLANG_WARN_CONSTANT_CONVERSION = YES;
				CLANG_WARN_DEPRECATED_OBJC_IMPLEMENTATIONS = YES;
				CLANG_WARN_DIRECT_OBJC_ISA_USAGE = YES_ERROR;
				CLANG_WARN_DOCUMENTATION_COMMENTS = YES;
				CLANG_WARN_EMPTY_BODY = YES;
				CLANG_WARN_ENUM_CONVERSION = YES;
				CLANG_WARN_INFINITE_RECURSION = YES;
				CLANG_WARN_INT_CONVERSION = YES;
				CLANG_WARN_NON_LITERAL_NULL_CONVERSION = YES;
				CLANG_WARN_OBJC_IMPLICIT_RETAIN_SELF = YES;
				CLANG_WARN_OBJC_LITERAL_CONVERSION = YES;
				CLANG_WARN_OBJC_ROOT_CLASS = YES_ERROR;
				CLANG_WARN_QUOTED_INCLUDE_IN_FRAMEWORK_HEADER = YES;
				CLANG_WARN_RANGE_LOOP_ANALYSIS = YES;
				CLANG_WARN_STRICT_PROTOTYPES = YES;
				CLANG_WARN_SUSPICIOUS_MOVE = YES;
				CLANG_WARN_UNGUARDED_AVAILABILITY = YES_AGGRESSIVE;
				CLANG_WARN_UNREACHABLE_CODE = YES;
				CLANG_WARN__DUPLICATE_METHOD_MATCH = YES;
				COPY_PHASE_STRIP = NO;
				DEBUG_INFORMATION_FORMAT = dwarf;
				ENABLE_STRICT_OBJC_MSGSEND = YES;
				ENABLE_TESTABILITY = YES;
				GCC_C_LANGUAGE_STANDARD = gnu11;
				GCC_DYNAMIC_NO_PIC = NO;
				GCC_NO_COMMON_BLOCKS = YES;
				GCC_OPTIMIZATION_LEVEL = 0;
				GCC_PREPROCESSOR_DEFINITIONS = (
					"DEBUG=1",
					"$(inherited)",
				);
				GCC_WARN_64_TO_32_BIT_CONVERSION = YES;
				GCC_WARN_ABOUT_RETURN_TYPE = YES_ERROR;
				GCC_WARN_UNDECLARED_SELECTOR = YES;
				GCC_WARN_UNINITIALIZED_AUTOS = YES_AGGRESSIVE;
				GCC_WARN_UNUSED_FUNCTION = YES;
				GCC_WARN_UNUSED_VARIABLE = YES;
				IPHONEOS_DEPLOYMENT_TARGET = 15.2;
				MTL_ENABLE_DEBUG_INFO = INCLUDE_SOURCE;
				MTL_FAST_MATH = YES;
				ONLY_ACTIVE_ARCH = YES;
				SDKROOT = iphoneos;
				SWIFT_ACTIVE_COMPILATION_CONDITIONS = DEBUG;
				SWIFT_OPTIMIZATION_LEVEL = "-Onone";
			};
			name = Debug;
		};
		1535D28A2897924B0003DCB1 /* Release */ = {
			isa = XCBuildConfiguration;
			buildSettings = {
				ALWAYS_SEARCH_USER_PATHS = NO;
				CLANG_ANALYZER_NONNULL = YES;
				CLANG_ANALYZER_NUMBER_OBJECT_CONVERSION = YES_AGGRESSIVE;
				CLANG_CXX_LANGUAGE_STANDARD = "gnu++17";
				CLANG_CXX_LIBRARY = "libc++";
				CLANG_ENABLE_MODULES = YES;
				CLANG_ENABLE_OBJC_ARC = YES;
				CLANG_ENABLE_OBJC_WEAK = YES;
				CLANG_WARN_BLOCK_CAPTURE_AUTORELEASING = YES;
				CLANG_WARN_BOOL_CONVERSION = YES;
				CLANG_WARN_COMMA = YES;
				CLANG_WARN_CONSTANT_CONVERSION = YES;
				CLANG_WARN_DEPRECATED_OBJC_IMPLEMENTATIONS = YES;
				CLANG_WARN_DIRECT_OBJC_ISA_USAGE = YES_ERROR;
				CLANG_WARN_DOCUMENTATION_COMMENTS = YES;
				CLANG_WARN_EMPTY_BODY = YES;
				CLANG_WARN_ENUM_CONVERSION = YES;
				CLANG_WARN_INFINITE_RECURSION = YES;
				CLANG_WARN_INT_CONVERSION = YES;
				CLANG_WARN_NON_LITERAL_NULL_CONVERSION = YES;
				CLANG_WARN_OBJC_IMPLICIT_RETAIN_SELF = YES;
				CLANG_WARN_OBJC_LITERAL_CONVERSION = YES;
				CLANG_WARN_OBJC_ROOT_CLASS = YES_ERROR;
				CLANG_WARN_QUOTED_INCLUDE_IN_FRAMEWORK_HEADER = YES;
				CLANG_WARN_RANGE_LOOP_ANALYSIS = YES;
				CLANG_WARN_STRICT_PROTOTYPES = YES;
				CLANG_WARN_SUSPICIOUS_MOVE = YES;
				CLANG_WARN_UNGUARDED_AVAILABILITY = YES_AGGRESSIVE;
				CLANG_WARN_UNREACHABLE_CODE = YES;
				CLANG_WARN__DUPLICATE_METHOD_MATCH = YES;
				COPY_PHASE_STRIP = NO;
				DEBUG_INFORMATION_FORMAT = "dwarf-with-dsym";
				ENABLE_NS_ASSERTIONS = NO;
				ENABLE_STRICT_OBJC_MSGSEND = YES;
				GCC_C_LANGUAGE_STANDARD = gnu11;
				GCC_NO_COMMON_BLOCKS = YES;
				GCC_WARN_64_TO_32_BIT_CONVERSION = YES;
				GCC_WARN_ABOUT_RETURN_TYPE = YES_ERROR;
				GCC_WARN_UNDECLARED_SELECTOR = YES;
				GCC_WARN_UNINITIALIZED_AUTOS = YES_AGGRESSIVE;
				GCC_WARN_UNUSED_FUNCTION = YES;
				GCC_WARN_UNUSED_VARIABLE = YES;
				IPHONEOS_DEPLOYMENT_TARGET = 15.2;
				MTL_ENABLE_DEBUG_INFO = NO;
				MTL_FAST_MATH = YES;
				SDKROOT = iphoneos;
				SWIFT_COMPILATION_MODE = wholemodule;
				SWIFT_OPTIMIZATION_LEVEL = "-O";
				VALIDATE_PRODUCT = YES;
			};
			name = Release;
		};
		1535D28C2897924B0003DCB1 /* Debug */ = {
			isa = XCBuildConfiguration;
			buildSettings = {
				ASSETCATALOG_COMPILER_APPICON_NAME = AppIcon;
				ASSETCATALOG_COMPILER_GLOBAL_ACCENT_COLOR_NAME = AccentColor;
				CODE_SIGN_STYLE = Automatic;
				CURRENT_PROJECT_VERSION = 1;
				GENERATE_INFOPLIST_FILE = YES;
				INFOPLIST_FILE = VideoCapture/Info.plist;
				INFOPLIST_KEY_UIApplicationSupportsIndirectInputEvents = YES;
				INFOPLIST_KEY_UILaunchStoryboardName = LaunchScreen;
				INFOPLIST_KEY_UIMainStoryboardFile = Main;
				INFOPLIST_KEY_UISupportedInterfaceOrientations_iPad = "UIInterfaceOrientationPortrait UIInterfaceOrientationPortraitUpsideDown UIInterfaceOrientationLandscapeLeft UIInterfaceOrientationLandscapeRight";
				INFOPLIST_KEY_UISupportedInterfaceOrientations_iPhone = "UIInterfaceOrientationPortrait UIInterfaceOrientationLandscapeLeft UIInterfaceOrientationLandscapeRight";
				LD_RUNPATH_SEARCH_PATHS = (
					"$(inherited)",
					"@executable_path/Frameworks",
				);
				MARKETING_VERSION = 1.0;
				PRODUCT_BUNDLE_IDENTIFIER = com.dataspring.project.VideoCapture;
				PRODUCT_NAME = "$(TARGET_NAME)";
				SWIFT_EMIT_LOC_STRINGS = YES;
				SWIFT_VERSION = 5.0;
				TARGETED_DEVICE_FAMILY = "1,2";
			};
			name = Debug;
		};
		1535D28D2897924B0003DCB1 /* Release */ = {
			isa = XCBuildConfiguration;
			buildSettings = {
				ASSETCATALOG_COMPILER_APPICON_NAME = AppIcon;
				ASSETCATALOG_COMPILER_GLOBAL_ACCENT_COLOR_NAME = AccentColor;
				CODE_SIGN_STYLE = Automatic;
				CURRENT_PROJECT_VERSION = 1;
				GENERATE_INFOPLIST_FILE = YES;
				INFOPLIST_FILE = VideoCapture/Info.plist;
				INFOPLIST_KEY_UIApplicationSupportsIndirectInputEvents = YES;
				INFOPLIST_KEY_UILaunchStoryboardName = LaunchScreen;
				INFOPLIST_KEY_UIMainStoryboardFile = Main;
				INFOPLIST_KEY_UISupportedInterfaceOrientations_iPad = "UIInterfaceOrientationPortrait UIInterfaceOrientationPortraitUpsideDown UIInterfaceOrientationLandscapeLeft UIInterfaceOrientationLandscapeRight";
				INFOPLIST_KEY_UISupportedInterfaceOrientations_iPhone = "UIInterfaceOrientationPortrait UIInterfaceOrientationLandscapeLeft UIInterfaceOrientationLandscapeRight";
				LD_RUNPATH_SEARCH_PATHS = (
					"$(inherited)",
					"@executable_path/Frameworks",
				);
				MARKETING_VERSION = 1.0;
				PRODUCT_BUNDLE_IDENTIFIER = com.dataspring.project.VideoCapture;
				PRODUCT_NAME = "$(TARGET_NAME)";
				SWIFT_EMIT_LOC_STRINGS = YES;
				SWIFT_VERSION = 5.0;
				TARGETED_DEVICE_FAMILY = "1,2";
			};
			name = Release;
		};
		1535D28F2897924B0003DCB1 /* Debug */ = {
			isa = XCBuildConfiguration;
			buildSettings = {
				ALWAYS_EMBED_SWIFT_STANDARD_LIBRARIES = YES;
				BUNDLE_LOADER = "$(TEST_HOST)";
				CODE_SIGN_STYLE = Automatic;
				CURRENT_PROJECT_VERSION = 1;
				GENERATE_INFOPLIST_FILE = YES;
				IPHONEOS_DEPLOYMENT_TARGET = 15.2;
				MARKETING_VERSION = 1.0;
				PRODUCT_BUNDLE_IDENTIFIER = com.dataspring.project.VideoCaptureTests;
				PRODUCT_NAME = "$(TARGET_NAME)";
				SWIFT_EMIT_LOC_STRINGS = NO;
				SWIFT_VERSION = 5.0;
				TARGETED_DEVICE_FAMILY = "1,2";
				TEST_HOST = "$(BUILT_PRODUCTS_DIR)/VideoCapture.app/VideoCapture";
			};
			name = Debug;
		};
		1535D2902897924B0003DCB1 /* Release */ = {
			isa = XCBuildConfiguration;
			buildSettings = {
				ALWAYS_EMBED_SWIFT_STANDARD_LIBRARIES = YES;
				BUNDLE_LOADER = "$(TEST_HOST)";
				CODE_SIGN_STYLE = Automatic;
				CURRENT_PROJECT_VERSION = 1;
				GENERATE_INFOPLIST_FILE = YES;
				IPHONEOS_DEPLOYMENT_TARGET = 15.2;
				MARKETING_VERSION = 1.0;
				PRODUCT_BUNDLE_IDENTIFIER = com.dataspring.project.VideoCaptureTests;
				PRODUCT_NAME = "$(TARGET_NAME)";
				SWIFT_EMIT_LOC_STRINGS = NO;
				SWIFT_VERSION = 5.0;
				TARGETED_DEVICE_FAMILY = "1,2";
				TEST_HOST = "$(BUILT_PRODUCTS_DIR)/VideoCapture.app/VideoCapture";
			};
			name = Release;
		};
		1535D2922897924B0003DCB1 /* Debug */ = {
			isa = XCBuildConfiguration;
			buildSettings = {
				ALWAYS_EMBED_SWIFT_STANDARD_LIBRARIES = YES;
				CODE_SIGN_STYLE = Automatic;
				CURRENT_PROJECT_VERSION = 1;
				GENERATE_INFOPLIST_FILE = YES;
				MARKETING_VERSION = 1.0;
				PRODUCT_BUNDLE_IDENTIFIER = com.dataspring.project.VideoCaptureUITests;
				PRODUCT_NAME = "$(TARGET_NAME)";
				SWIFT_EMIT_LOC_STRINGS = NO;
				SWIFT_VERSION = 5.0;
				TARGETED_DEVICE_FAMILY = "1,2";
				TEST_TARGET_NAME = VideoCapture;
			};
			name = Debug;
		};
		1535D2932897924B0003DCB1 /* Release */ = {
			isa = XCBuildConfiguration;
			buildSettings = {
				ALWAYS_EMBED_SWIFT_STANDARD_LIBRARIES = YES;
				CODE_SIGN_STYLE = Automatic;
				CURRENT_PROJECT_VERSION = 1;
				GENERATE_INFOPLIST_FILE = YES;
				MARKETING_VERSION = 1.0;
				PRODUCT_BUNDLE_IDENTIFIER = com.dataspring.project.VideoCaptureUITests;
				PRODUCT_NAME = "$(TARGET_NAME)";
				SWIFT_EMIT_LOC_STRINGS = NO;
				SWIFT_VERSION = 5.0;
				TARGETED_DEVICE_FAMILY = "1,2";
				TEST_TARGET_NAME = VideoCapture;
			};
			name = Release;
		};
/* End XCBuildConfiguration section */

/* Begin XCConfigurationList section */
		1535D25C289792450003DCB1 /* Build configuration list for PBXProject "VideoCapture" */ = {
			isa = XCConfigurationList;
			buildConfigurations = (
				1535D2892897924B0003DCB1 /* Debug */,
				1535D28A2897924B0003DCB1 /* Release */,
			);
			defaultConfigurationIsVisible = 0;
			defaultConfigurationName = Release;
		};
		1535D28B2897924B0003DCB1 /* Build configuration list for PBXNativeTarget "VideoCapture" */ = {
			isa = XCConfigurationList;
			buildConfigurations = (
				1535D28C2897924B0003DCB1 /* Debug */,
				1535D28D2897924B0003DCB1 /* Release */,
			);
			defaultConfigurationIsVisible = 0;
			defaultConfigurationName = Release;
		};
		1535D28E2897924B0003DCB1 /* Build configuration list for PBXNativeTarget "VideoCaptureTests" */ = {
			isa = XCConfigurationList;
			buildConfigurations = (
				1535D28F2897924B0003DCB1 /* Debug */,
				1535D2902897924B0003DCB1 /* Release */,
			);
			defaultConfigurationIsVisible = 0;
			defaultConfigurationName = Release;
		};
		1535D2912897924B0003DCB1 /* Build configuration list for PBXNativeTarget "VideoCaptureUITests" */ = {
			isa = XCConfigurationList;
			buildConfigurations = (
				1535D2922897924B0003DCB1 /* Debug */,
				1535D2932897924B0003DCB1 /* Release */,
			);
			defaultConfigurationIsVisible = 0;
			defaultConfigurationName = Release;
		};
/* End XCConfigurationList section */
	};
	rootObject = 1535D259289792450003DCB1 /* Project object */;
}
